
Microsoft Visual Studio Solution File, Format Version 12.00
# Visual Studio Version 17
VisualStudioVersion = 17.7.34031.279
MinimumVisualStudioVersion = 10.0.40219.1
Project("{FAE04EC0-301F-11D3-BF4B-00C04F79EFBC}") = "Presentation Layer", "Presentation Layer\Presentation Layer.csproj", "{27E3944F-4403-4D00-AF4C-CE6C31B3F5E2}"
EndProject
Project("{FAE04EC0-301F-11D3-BF4B-00C04F79EFBC}") = "DomainLayer", "DomainLayer\DomainLayer.csproj", "{36EAB326-3B8E-4CCF-9BDA-12E46918B1E6}"
EndProject
Project("{FAE04EC0-301F-11D3-BF4B-00C04F79EFBC}") = "RepositoryLayer", "RepositoryLayer\RepositoryLayer.csproj", "{A85C820C-D16D-4B2E-8291-4B02345D99C7}"
EndProject
Project("{FAE04EC0-301F-11D3-BF4B-00C04F79EFBC}") = "ServiceLayer", "ServiceLayer\ServiceLayer.csproj", "{B7074937-9125-4A3F-A769-4F4205F0810F}"
EndProject
Global
	GlobalSection(SolutionConfigurationPlatforms) = preSolution
		Debug|Any CPU = Debug|Any CPU
		Release|Any CPU = Release|Any CPU
	EndGlobalSection
	GlobalSection(ProjectConfigurationPlatforms) = postSolution
		{27E3944F-4403-4D00-AF4C-CE6C31B3F5E2}.Debug|Any CPU.ActiveCfg = Debug|Any CPU
		{27E3944F-4403-4D00-AF4C-CE6C31B3F5E2}.Debug|Any CPU.Build.0 = Debug|Any CPU
		{27E3944F-4403-4D00-AF4C-CE6C31B3F5E2}.Release|Any CPU.ActiveCfg = Release|Any CPU
		{27E3944F-4403-4D00-AF4C-CE6C31B3F5E2}.Release|Any CPU.Build.0 = Release|Any CPU
		{36EAB326-3B8E-4CCF-9BDA-12E46918B1E6}.Debug|Any CPU.ActiveCfg = Debug|Any CPU
		{36EAB326-3B8E-4CCF-9BDA-12E46918B1E6}.Debug|Any CPU.Build.0 = Debug|Any CPU
		{36EAB326-3B8E-4CCF-9BDA-12E46918B1E6}.Release|Any CPU.ActiveCfg = Release|Any CPU
		{36EAB326-3B8E-4CCF-9BDA-12E46918B1E6}.Release|Any CPU.Build.0 = Release|Any CPU
		{A85C820C-D16D-4B2E-8291-4B02345D99C7}.Debug|Any CPU.ActiveCfg = Debug|Any CPU
		{A85C820C-D16D-4B2E-8291-4B02345D99C7}.Debug|Any CPU.Build.0 = Debug|Any CPU
		{A85C820C-D16D-4B2E-8291-4B02345D99C7}.Release|Any CPU.ActiveCfg = Release|Any CPU
		{A85C820C-D16D-4B2E-8291-4B02345D99C7}.Release|Any CPU.Build.0 = Release|Any CPU
		{B7074937-9125-4A3F-A769-4F4205F0810F}.Debug|Any CPU.ActiveCfg = Debug|Any CPU
		{B7074937-9125-4A3F-A769-4F4205F0810F}.Debug|Any CPU.Build.0 = Debug|Any CPU
		{B7074937-9125-4A3F-A769-4F4205F0810F}.Release|Any CPU.ActiveCfg = Release|Any CPU
		{B7074937-9125-4A3F-A769-4F4205F0810F}.Release|Any CPU.Build.0 = Release|Any CPU
	EndGlobalSection
	GlobalSection(SolutionProperties) = preSolution
		HideSolutionNode = FALSE
	EndGlobalSection
	GlobalSection(ExtensibilityGlobals) = postSolution
		SolutionGuid = {A735BA4E-E71D-4255-ACC1-36AFC1EA4202}
	EndGlobalSection
EndGlobal
